<?xml version="1.0" encoding="utf-8"?>
<Project ToolsVersion="4.0" xmlns="http://schemas.microsoft.com/developer/msbuild/2003">
  <ItemGroup>
    <Filter Include="ChaosX">
      <UniqueIdentifier>{6BB3B9AB-5755-E481-4010-F8D52C516BD2}</UniqueIdentifier>
    </Filter>
    <Filter Include="ChaosX\Event">
      <UniqueIdentifier>{FCD8506A-E83B-E00E-91C1-18C57D03AC91}</UniqueIdentifier>
    </Filter>
  </ItemGroup>
  <ItemGroup>
    <ClInclude Include="Src\ChaosX.h" />
    <ClInclude Include="Src\ChaosX\Application.h">
      <Filter>ChaosX</Filter>
    </ClInclude>
    <ClInclude Include="Src\ChaosX\Core.h">
      <Filter>ChaosX</Filter>
    </ClInclude>
    <ClInclude Include="Src\ChaosX\Entry Point.h">
      <Filter>ChaosX</Filter>
    </ClInclude>
    <ClInclude Include="Src\ChaosX\Event\ApplicationEvent.h">
      <Filter>ChaosX\Event</Filter>
    </ClInclude>
    <ClInclude Include="Src\ChaosX\Event\Event.h">
      <Filter>ChaosX\Event</Filter>
    </ClInclude>
    <ClInclude Include="Src\ChaosX\Event\KeyEvent.h">
      <Filter>ChaosX\Event</Filter>
    </ClInclude>
    <ClInclude Include="Src\ChaosX\Event\MouseEvent.h">
      <Filter>ChaosX\Event</Filter>
    </ClInclude>
    <ClInclude Include="Src\ChaosX\Log.h">
      <Filter>ChaosX</Filter>
    </ClInclude>
    <ClInclude Include="Src\cspch.h" />
  </ItemGroup>
  <ItemGroup>
    <ClCompile Include="Src\ChaosX\Application.cpp">
      <Filter>ChaosX</Filter>
    </ClCompile>
    <ClCompile Include="Src\ChaosX\Log.cpp">
      <Filter>ChaosX</Filter>
    </ClCompile>
    <ClCompile Include="Src\cspch.cpp" />
  </ItemGroup>
</Project>