
Microsoft Visual Studio Solution File, Format Version 12.00
# Visual Studio Version 17
VisualStudioVersion = 17.12.35707.178
MinimumVisualStudioVersion = 10.0.40219.1
Project("{8BC9CEB8-8B4A-11D0-8D11-00A0C91BC942}") = "Sandbox", "Sandbox\Sandbox.vcxproj", "{2AC25292-A778-484D-AEEB-7757B17C5905}"
EndProject
Project("{8BC9CEB8-8B4A-11D0-8D11-00A0C91BC942}") = "ChaosX", "ChaosX\ChaosX.vcxproj", "{A47CC2DF-123F-4CC4-830A-AB2C74448F22}"
EndProject
Global
	GlobalSection(SolutionConfigurationPlatforms) = preSolution
		Debug|x64 = Debug|x64
		Release|x64 = Release|x64
	EndGlobalSection
	GlobalSection(ProjectConfigurationPlatforms) = postSolution
		{A47CC2DF-123F-4CC4-830A-AB2C74448F22}.Debug|x64.ActiveCfg = Debug|x64
		{A47CC2DF-123F-4CC4-830A-AB2C74448F22}.Debug|x64.Build.0 = Debug|x64
		{A47CC2DF-123F-4CC4-830A-AB2C74448F22}.Release|x64.ActiveCfg = Release|x64
		{A47CC2DF-123F-4CC4-830A-AB2C74448F22}.Release|x64.Build.0 = Release|x64
		{2AC25292-A778-484D-AEEB-7757B17C5905}.Debug|x64.ActiveCfg = Debug|x64
		{2AC25292-A778-484D-AEEB-7757B17C5905}.Debug|x64.Build.0 = Debug|x64
		{2AC25292-A778-484D-AEEB-7757B17C5905}.Release|x64.ActiveCfg = Release|x64
		{2AC25292-A778-484D-AEEB-7757B17C5905}.Release|x64.Build.0 = Release|x64
	EndGlobalSection
	GlobalSection(SolutionProperties) = preSolution
		HideSolutionNode = FALSE
	EndGlobalSection
EndGlobal
